
Microsoft Visual Studio Solution File, Format Version 12.00
# Visual Studio Version 17
VisualStudioVersion = 17.0.31903.59
MinimumVisualStudioVersion = 10.0.40219.1
Project("{FAE04EC0-301F-11D3-BF4B-00C04F79EFBC}") = "Condominiums.Api", "Condominiums.Api\Condominiums.Api.csproj", "{DD2E1EEE-FC2C-46DA-AC16-3C879C0560FA}"
EndProject
Global
	GlobalSection(SolutionConfigurationPlatforms) = preSolution
		Debug|Any CPU = Debug|Any CPU
		Release|Any CPU = Release|Any CPU
	EndGlobalSection
	GlobalSection(SolutionProperties) = preSolution
		HideSolutionNode = FALSE
	EndGlobalSection
	GlobalSection(ProjectConfigurationPlatforms) = postSolution
		{D228CD4D-6EA7-4D0C-ABF5-BC31F168C14F}.Debug|Any CPU.ActiveCfg = Debug|Any CPU
		{D228CD4D-6EA7-4D0C-ABF5-BC31F168C14F}.Debug|Any CPU.Build.0 = Debug|Any CPU
		{D228CD4D-6EA7-4D0C-ABF5-BC31F168C14F}.Release|Any CPU.ActiveCfg = Release|Any CPU
		{D228CD4D-6EA7-4D0C-ABF5-BC31F168C14F}.Release|Any CPU.Build.0 = Release|Any CPU
		{DD2E1EEE-FC2C-46DA-AC16-3C879C0560FA}.Debug|Any CPU.ActiveCfg = Debug|Any CPU
		{DD2E1EEE-FC2C-46DA-AC16-3C879C0560FA}.Debug|Any CPU.Build.0 = Debug|Any CPU
		{DD2E1EEE-FC2C-46DA-AC16-3C879C0560FA}.Release|Any CPU.ActiveCfg = Release|Any CPU
		{DD2E1EEE-FC2C-46DA-AC16-3C879C0560FA}.Release|Any CPU.Build.0 = Release|Any CPU
	EndGlobalSection
EndGlobal
